
Microsoft Visual Studio Solution File, Format Version 12.00
# Visual Studio 15
VisualStudioVersion = 15.0.26228.9
MinimumVisualStudioVersion = 10.0.40219.1
Project("{8BC9CEB8-8B4A-11D0-8D11-00A0C91BC942}") = "CPSC259_Lab3_Framework-VS2017", "CPSC259_Lab3_Framework-VS2017\CPSC259_Lab3_Framework-VS2017.vcxproj", "{B583D7C4-EE58-413B-BDF5-CE763ED5B45A}"
EndProject
Project("{8BC9CEB8-8B4A-11D0-8D11-00A0C91BC942}") = "Lab3_Unit_Tests", "Lab3_Unit_Tests\Lab3_Unit_Tests.vcxproj", "{A360B8D7-E32F-4515-AE17-18A9AB0C157B}"
EndProject
Global
	GlobalSection(SolutionConfigurationPlatforms) = preSolution
		Debug|x64 = Debug|x64
		Debug|x86 = Debug|x86
		Release|x64 = Release|x64
		Release|x86 = Release|x86
	EndGlobalSection
	GlobalSection(ProjectConfigurationPlatforms) = postSolution
		{B583D7C4-EE58-413B-BDF5-CE763ED5B45A}.Debug|x64.ActiveCfg = Debug|x64
		{B583D7C4-EE58-413B-BDF5-CE763ED5B45A}.Debug|x64.Build.0 = Debug|x64
		{B583D7C4-EE58-413B-BDF5-CE763ED5B45A}.Debug|x86.ActiveCfg = Debug|Win32
		{B583D7C4-EE58-413B-BDF5-CE763ED5B45A}.Debug|x86.Build.0 = Debug|Win32
		{B583D7C4-EE58-413B-BDF5-CE763ED5B45A}.Release|x64.ActiveCfg = Release|x64
		{B583D7C4-EE58-413B-BDF5-CE763ED5B45A}.Release|x64.Build.0 = Release|x64
		{B583D7C4-EE58-413B-BDF5-CE763ED5B45A}.Release|x86.ActiveCfg = Release|Win32
		{B583D7C4-EE58-413B-BDF5-CE763ED5B45A}.Release|x86.Build.0 = Release|Win32
		{A360B8D7-E32F-4515-AE17-18A9AB0C157B}.Debug|x64.ActiveCfg = Debug|x64
		{A360B8D7-E32F-4515-AE17-18A9AB0C157B}.Debug|x64.Build.0 = Debug|x64
		{A360B8D7-E32F-4515-AE17-18A9AB0C157B}.Debug|x86.ActiveCfg = Debug|Win32
		{A360B8D7-E32F-4515-AE17-18A9AB0C157B}.Debug|x86.Build.0 = Debug|Win32
		{A360B8D7-E32F-4515-AE17-18A9AB0C157B}.Release|x64.ActiveCfg = Release|x64
		{A360B8D7-E32F-4515-AE17-18A9AB0C157B}.Release|x64.Build.0 = Release|x64
		{A360B8D7-E32F-4515-AE17-18A9AB0C157B}.Release|x86.ActiveCfg = Release|Win32
		{A360B8D7-E32F-4515-AE17-18A9AB0C157B}.Release|x86.Build.0 = Release|Win32
	EndGlobalSection
	GlobalSection(SolutionProperties) = preSolution
		HideSolutionNode = FALSE
	EndGlobalSection
EndGlobal
